// !$*UTF8*$!
{
	archiveVersion = 1;
	classes = {
	};
	objectVersion = 56;
	objects = {

/* Begin PBXBuildFile section */
		2093000A2B260D1D00EC9A01 /* AppDelegate.swift in Sources */ = {isa = PBXBuildFile; fileRef = 209300092B260D1D00EC9A01 /* AppDelegate.swift */; };
		2093000C2B260D1D00EC9A01 /* SceneDelegate.swift in Sources */ = {isa = PBXBuildFile; fileRef = 2093000B2B260D1D00EC9A01 /* SceneDelegate.swift */; };
		2093000E2B260D1D00EC9A01 /* ViewController.swift in Sources */ = {isa = PBXBuildFile; fileRef = 2093000D2B260D1D00EC9A01 /* ViewController.swift */; };
		209300112B260D1D00EC9A01 /* Main.storyboard in Resources */ = {isa = PBXBuildFile; fileRef = 2093000F2B260D1D00EC9A01 /* Main.storyboard */; };
		209300132B260D1F00EC9A01 /* Assets.xcassets in Resources */ = {isa = PBXBuildFile; fileRef = 209300122B260D1F00EC9A01 /* Assets.xcassets */; };
		209300162B260D1F00EC9A01 /* LaunchScreen.storyboard in Resources */ = {isa = PBXBuildFile; fileRef = 209300142B260D1F00EC9A01 /* LaunchScreen.storyboard */; };
		2093001E2B260D6600EC9A01 /* AnalyticsStrategy.swift in Sources */ = {isa = PBXBuildFile; fileRef = 2093001D2B260D6600EC9A01 /* AnalyticsStrategy.swift */; };
		209300212B260E3000EC9A01 /* FirebaseAnalytics.swift in Sources */ = {isa = PBXBuildFile; fileRef = 209300202B260E3000EC9A01 /* FirebaseAnalytics.swift */; };
		209300232B260E4B00EC9A01 /* MoengageAnalytics.swift in Sources */ = {isa = PBXBuildFile; fileRef = 209300222B260E4B00EC9A01 /* MoengageAnalytics.swift */; };
		209300252B260EE000EC9A01 /* EventLogger.swift in Sources */ = {isa = PBXBuildFile; fileRef = 209300242B260EE000EC9A01 /* EventLogger.swift */; };
/* End PBXBuildFile section */

/* Begin PBXFileReference section */
		209300062B260D1D00EC9A01 /* strategy-pattern.app */ = {isa = PBXFileReference; explicitFileType = wrapper.application; includeInIndex = 0; path = "strategy-pattern.app"; sourceTree = BUILT_PRODUCTS_DIR; };
		209300092B260D1D00EC9A01 /* AppDelegate.swift */ = {isa = PBXFileReference; lastKnownFileType = sourcecode.swift; path = AppDelegate.swift; sourceTree = "<group>"; };
		2093000B2B260D1D00EC9A01 /* SceneDelegate.swift */ = {isa = PBXFileReference; lastKnownFileType = sourcecode.swift; path = SceneDelegate.swift; sourceTree = "<group>"; };
		2093000D2B260D1D00EC9A01 /* ViewController.swift */ = {isa = PBXFileReference; lastKnownFileType = sourcecode.swift; path = ViewController.swift; sourceTree = "<group>"; };
		209300102B260D1D00EC9A01 /* Base */ = {isa = PBXFileReference; lastKnownFileType = file.storyboard; name = Base; path = Base.lproj/Main.storyboard; sourceTree = "<group>"; };
		209300122B260D1F00EC9A01 /* Assets.xcassets */ = {isa = PBXFileReference; lastKnownFileType = folder.assetcatalog; path = Assets.xcassets; sourceTree = "<group>"; };
		209300152B260D1F00EC9A01 /* Base */ = {isa = PBXFileReference; lastKnownFileType = file.storyboard; name = Base; path = Base.lproj/LaunchScreen.storyboard; sourceTree = "<group>"; };
		209300172B260D1F00EC9A01 /* Info.plist */ = {isa = PBXFileReference; lastKnownFileType = text.plist.xml; path = Info.plist; sourceTree = "<group>"; };
		2093001D2B260D6600EC9A01 /* AnalyticsStrategy.swift */ = {isa = PBXFileReference; lastKnownFileType = sourcecode.swift; path = AnalyticsStrategy.swift; sourceTree = "<group>"; };
		209300202B260E3000EC9A01 /* FirebaseAnalytics.swift */ = {isa = PBXFileReference; lastKnownFileType = sourcecode.swift; path = FirebaseAnalytics.swift; sourceTree = "<group>"; };
		209300222B260E4B00EC9A01 /* MoengageAnalytics.swift */ = {isa = PBXFileReference; lastKnownFileType = sourcecode.swift; path = MoengageAnalytics.swift; sourceTree = "<group>"; };
		209300242B260EE000EC9A01 /* EventLogger.swift */ = {isa = PBXFileReference; lastKnownFileType = sourcecode.swift; path = EventLogger.swift; sourceTree = "<group>"; };
/* End PBXFileReference section */

/* Begin PBXFrameworksBuildPhase section */
		209300032B260D1D00EC9A01 /* Frameworks */ = {
			isa = PBXFrameworksBuildPhase;
			buildActionMask = 2147483647;
			files = (
			);
			runOnlyForDeploymentPostprocessing = 0;
		};
/* End PBXFrameworksBuildPhase section */

/* Begin PBXGroup section */
		209300072B260D1D00EC9A01 /* Products */ = {
			isa = PBXGroup;
			children = (
				209300062B260D1D00EC9A01 /* strategy-pattern.app */,
			);
			name = Products;
			sourceTree = "<group>";
		};
		209300082B260D1D00EC9A01 /* strategy-pattern */ = {
			isa = PBXGroup;
			children = (
				2093001F2B260E1F00EC9A01 /* Concrete */,
				2093001D2B260D6600EC9A01 /* AnalyticsStrategy.swift */,
				209300092B260D1D00EC9A01 /* AppDelegate.swift */,
				2093000B2B260D1D00EC9A01 /* SceneDelegate.swift */,
				2093000D2B260D1D00EC9A01 /* ViewController.swift */,
				2093000F2B260D1D00EC9A01 /* Main.storyboard */,
				209300122B260D1F00EC9A01 /* Assets.xcassets */,
				209300142B260D1F00EC9A01 /* LaunchScreen.storyboard */,
				209300172B260D1F00EC9A01 /* Info.plist */,
				209300242B260EE000EC9A01 /* EventLogger.swift */,
			);
			path = "strategy-pattern";
			sourceTree = "<group>";
		};
		2093001F2B260E1F00EC9A01 /* Concrete */ = {
			isa = PBXGroup;
			children = (
				209300202B260E3000EC9A01 /* FirebaseAnalytics.swift */,
				209300222B260E4B00EC9A01 /* MoengageAnalytics.swift */,
			);
			path = Concrete;
			sourceTree = "<group>";
		};
		2093FFFD2B260D1D00EC9A01 = {
			isa = PBXGroup;
			children = (
				209300082B260D1D00EC9A01 /* strategy-pattern */,
				209300072B260D1D00EC9A01 /* Products */,
			);
			sourceTree = "<group>";
		};
/* End PBXGroup section */

/* Begin PBXNativeTarget section */
		209300052B260D1D00EC9A01 /* strategy-pattern */ = {
			isa = PBXNativeTarget;
			buildConfigurationList = 2093001A2B260D1F00EC9A01 /* Build configuration list for PBXNativeTarget "strategy-pattern" */;
			buildPhases = (
				209300022B260D1D00EC9A01 /* Sources */,
				209300032B260D1D00EC9A01 /* Frameworks */,
				209300042B260D1D00EC9A01 /* Resources */,
			);
			buildRules = (
			);
			dependencies = (
			);
			name = "strategy-pattern";
			productName = "strategy-pattern";
			productReference = 209300062B260D1D00EC9A01 /* strategy-pattern.app */;
			productType = "com.apple.product-type.application";
		};
/* End PBXNativeTarget section */

/* Begin PBXProject section */
		2093FFFE2B260D1D00EC9A01 /* Project object */ = {
			isa = PBXProject;
			attributes = {
				BuildIndependentTargetsInParallel = 1;
				LastSwiftUpdateCheck = 1500;
				LastUpgradeCheck = 1500;
				TargetAttributes = {
					209300052B260D1D00EC9A01 = {
						CreatedOnToolsVersion = 15.0.1;
					};
				};
			};
			buildConfigurationList = 209300012B260D1D00EC9A01 /* Build configuration list for PBXProject "strategy-pattern" */;
			compatibilityVersion = "Xcode 14.0";
			developmentRegion = en;
			hasScannedForEncodings = 0;
			knownRegions = (
				en,
				Base,
			);
			mainGroup = 2093FFFD2B260D1D00EC9A01;
			productRefGroup = 209300072B260D1D00EC9A01 /* Products */;
			projectDirPath = "";
			projectRoot = "";
			targets = (
				209300052B260D1D00EC9A01 /* strategy-pattern */,
			);
		};
/* End PBXProject section */

/* Begin PBXResourcesBuildPhase section */
		209300042B260D1D00EC9A01 /* Resources */ = {
			isa = PBXResourcesBuildPhase;
			buildActionMask = 2147483647;
			files = (
				209300162B260D1F00EC9A01 /* LaunchScreen.storyboard in Resources */,
				209300132B260D1F00EC9A01 /* Assets.xcassets in Resources */,
				209300112B260D1D00EC9A01 /* Main.storyboard in Resources */,
			);
			runOnlyForDeploymentPostprocessing = 0;
		};
/* End PBXResourcesBuildPhase section */

/* Begin PBXSourcesBuildPhase section */
		209300022B260D1D00EC9A01 /* Sources */ = {
			isa = PBXSourcesBuildPhase;
			buildActionMask = 2147483647;
			files = (
				209300252B260EE000EC9A01 /* EventLogger.swift in Sources */,
				2093000E2B260D1D00EC9A01 /* ViewController.swift in Sources */,
				2093001E2B260D6600EC9A01 /* AnalyticsStrategy.swift in Sources */,
				209300212B260E3000EC9A01 /* FirebaseAnalytics.swift in Sources */,
				2093000A2B260D1D00EC9A01 /* AppDelegate.swift in Sources */,
				2093000C2B260D1D00EC9A01 /* SceneDelegate.swift in Sources */,
				209300232B260E4B00EC9A01 /* MoengageAnalytics.swift in Sources */,
			);
			runOnlyForDeploymentPostprocessing = 0;
		};
/* End PBXSourcesBuildPhase section */

/* Begin PBXVariantGroup section */
		2093000F2B260D1D00EC9A01 /* Main.storyboard */ = {
			isa = PBXVariantGroup;
			children = (
				209300102B260D1D00EC9A01 /* Base */,
			);
			name = Main.storyboard;
			sourceTree = "<group>";
		};
		209300142B260D1F00EC9A01 /* LaunchScreen.storyboard */ = {
			isa = PBXVariantGroup;
			children = (
				209300152B260D1F00EC9A01 /* Base */,
			);
			name = LaunchScreen.storyboard;
			sourceTree = "<group>";
		};
/* End PBXVariantGroup section */

/* Begin XCBuildConfiguration section */
		209300182B260D1F00EC9A01 /* Debug */ = {
			isa = XCBuildConfiguration;
			buildSettings = {
				ALWAYS_SEARCH_USER_PATHS = NO;
				ASSETCATALOG_COMPILER_GENERATE_SWIFT_ASSET_SYMBOL_EXTENSIONS = YES;
				CLANG_ANALYZER_NONNULL = YES;
				CLANG_ANALYZER_NUMBER_OBJECT_CONVERSION = YES_AGGRESSIVE;
				CLANG_CXX_LANGUAGE_STANDARD = "gnu++20";
				CLANG_ENABLE_MODULES = YES;
				CLANG_ENABLE_OBJC_ARC = YES;
				CLANG_ENABLE_OBJC_WEAK = YES;
				CLANG_WARN_BLOCK_CAPTURE_AUTORELEASING = YES;
				CLANG_WARN_BOOL_CONVERSION = YES;
				CLANG_WARN_COMMA = YES;
				CLANG_WARN_CONSTANT_CONVERSION = YES;
				CLANG_WARN_DEPRECATED_OBJC_IMPLEMENTATIONS = YES;
				CLANG_WARN_DIRECT_OBJC_ISA_USAGE = YES_ERROR;
				CLANG_WARN_DOCUMENTATION_COMMENTS = YES;
				CLANG_WARN_EMPTY_BODY = YES;
				CLANG_WARN_ENUM_CONVERSION = YES;
				CLANG_WARN_INFINITE_RECURSION = YES;
				CLANG_WARN_INT_CONVERSION = YES;
				CLANG_WARN_NON_LITERAL_NULL_CONVERSION = YES;
				CLANG_WARN_OBJC_IMPLICIT_RETAIN_SELF = YES;
				CLANG_WARN_OBJC_LITERAL_CONVERSION = YES;
				CLANG_WARN_OBJC_ROOT_CLASS = YES_ERROR;
				CLANG_WARN_QUOTED_INCLUDE_IN_FRAMEWORK_HEADER = YES;
				CLANG_WARN_RANGE_LOOP_ANALYSIS = YES;
				CLANG_WARN_STRICT_PROTOTYPES = YES;
				CLANG_WARN_SUSPICIOUS_MOVE = YES;
				CLANG_WARN_UNGUARDED_AVAILABILITY = YES_AGGRESSIVE;
				CLANG_WARN_UNREACHABLE_CODE = YES;
				CLANG_WARN__DUPLICATE_METHOD_MATCH = YES;
				COPY_PHASE_STRIP = NO;
				DEBUG_INFORMATION_FORMAT = dwarf;
				ENABLE_STRICT_OBJC_MSGSEND = YES;
				ENABLE_TESTABILITY = YES;
				ENABLE_USER_SCRIPT_SANDBOXING = YES;
				GCC_C_LANGUAGE_STANDARD = gnu17;
				GCC_DYNAMIC_NO_PIC = NO;
				GCC_NO_COMMON_BLOCKS = YES;
				GCC_OPTIMIZATION_LEVEL = 0;
				GCC_PREPROCESSOR_DEFINITIONS = (
					"DEBUG=1",
					"$(inherited)",
				);
				GCC_WARN_64_TO_32_BIT_CONVERSION = YES;
				GCC_WARN_ABOUT_RETURN_TYPE = YES_ERROR;
				GCC_WARN_UNDECLARED_SELECTOR = YES;
				GCC_WARN_UNINITIALIZED_AUTOS = YES_AGGRESSIVE;
				GCC_WARN_UNUSED_FUNCTION = YES;
				GCC_WARN_UNUSED_VARIABLE = YES;
				IPHONEOS_DEPLOYMENT_TARGET = 17.0;
				LOCALIZATION_PREFERS_STRING_CATALOGS = YES;
				MTL_ENABLE_DEBUG_INFO = INCLUDE_SOURCE;
				MTL_FAST_MATH = YES;
				ONLY_ACTIVE_ARCH = YES;
				SDKROOT = iphoneos;
				SWIFT_ACTIVE_COMPILATION_CONDITIONS = "DEBUG $(inherited)";
				SWIFT_OPTIMIZATION_LEVEL = "-Onone";
			};
			name = Debug;
		};
		209300192B260D1F00EC9A01 /* Release */ = {
			isa = XCBuildConfiguration;
			buildSettings = {
				ALWAYS_SEARCH_USER_PATHS = NO;
				ASSETCATALOG_COMPILER_GENERATE_SWIFT_ASSET_SYMBOL_EXTENSIONS = YES;
				CLANG_ANALYZER_NONNULL = YES;
				CLANG_ANALYZER_NUMBER_OBJECT_CONVERSION = YES_AGGRESSIVE;
				CLANG_CXX_LANGUAGE_STANDARD = "gnu++20";
				CLANG_ENABLE_MODULES = YES;
				CLANG_ENABLE_OBJC_ARC = YES;
				CLANG_ENABLE_OBJC_WEAK = YES;
				CLANG_WARN_BLOCK_CAPTURE_AUTORELEASING = YES;
				CLANG_WARN_BOOL_CONVERSION = YES;
				CLANG_WARN_COMMA = YES;
				CLANG_WARN_CONSTANT_CONVERSION = YES;
				CLANG_WARN_DEPRECATED_OBJC_IMPLEMENTATIONS = YES;
				CLANG_WARN_DIRECT_OBJC_ISA_USAGE = YES_ERROR;
				CLANG_WARN_DOCUMENTATION_COMMENTS = YES;
				CLANG_WARN_EMPTY_BODY = YES;
				CLANG_WARN_ENUM_CONVERSION = YES;
				CLANG_WARN_INFINITE_RECURSION = YES;
				CLANG_WARN_INT_CONVERSION = YES;
				CLANG_WARN_NON_LITERAL_NULL_CONVERSION = YES;
				CLANG_WARN_OBJC_IMPLICIT_RETAIN_SELF = YES;
				CLANG_WARN_OBJC_LITERAL_CONVERSION = YES;
				CLANG_WARN_OBJC_ROOT_CLASS = YES_ERROR;
				CLANG_WARN_QUOTED_INCLUDE_IN_FRAMEWORK_HEADER = YES;
				CLANG_WARN_RANGE_LOOP_ANALYSIS = YES;
				CLANG_WARN_STRICT_PROTOTYPES = YES;
				CLANG_WARN_SUSPICIOUS_MOVE = YES;
				CLANG_WARN_UNGUARDED_AVAILABILITY = YES_AGGRESSIVE;
				CLANG_WARN_UNREACHABLE_CODE = YES;
				CLANG_WARN__DUPLICATE_METHOD_MATCH = YES;
				COPY_PHASE_STRIP = NO;
				DEBUG_INFORMATION_FORMAT = "dwarf-with-dsym";
				ENABLE_NS_ASSERTIONS = NO;
				ENABLE_STRICT_OBJC_MSGSEND = YES;
				ENABLE_USER_SCRIPT_SANDBOXING = YES;
				GCC_C_LANGUAGE_STANDARD = gnu17;
				GCC_NO_COMMON_BLOCKS = YES;
				GCC_WARN_64_TO_32_BIT_CONVERSION = YES;
				GCC_WARN_ABOUT_RETURN_TYPE = YES_ERROR;
				GCC_WARN_UNDECLARED_SELECTOR = YES;
				GCC_WARN_UNINITIALIZED_AUTOS = YES_AGGRESSIVE;
				GCC_WARN_UNUSED_FUNCTION = YES;
				GCC_WARN_UNUSED_VARIABLE = YES;
				IPHONEOS_DEPLOYMENT_TARGET = 17.0;
				LOCALIZATION_PREFERS_STRING_CATALOGS = YES;
				MTL_ENABLE_DEBUG_INFO = NO;
				MTL_FAST_MATH = YES;
				SDKROOT = iphoneos;
				SWIFT_COMPILATION_MODE = wholemodule;
				VALIDATE_PRODUCT = YES;
			};
			name = Release;
		};
		2093001B2B260D1F00EC9A01 /* Debug */ = {
			isa = XCBuildConfiguration;
			buildSettings = {
				ASSETCATALOG_COMPILER_APPICON_NAME = AppIcon;
				ASSETCATALOG_COMPILER_GLOBAL_ACCENT_COLOR_NAME = AccentColor;
				CODE_SIGN_STYLE = Automatic;
				CURRENT_PROJECT_VERSION = 1;
				GENERATE_INFOPLIST_FILE = YES;
				INFOPLIST_FILE = "strategy-pattern/Info.plist";
				INFOPLIST_KEY_UIApplicationSupportsIndirectInputEvents = YES;
				INFOPLIST_KEY_UILaunchStoryboardName = LaunchScreen;
				INFOPLIST_KEY_UIMainStoryboardFile = Main;
				INFOPLIST_KEY_UISupportedInterfaceOrientations_iPad = "UIInterfaceOrientationPortrait UIInterfaceOrientationPortraitUpsideDown UIInterfaceOrientationLandscapeLeft UIInterfaceOrientationLandscapeRight";
				INFOPLIST_KEY_UISupportedInterfaceOrientations_iPhone = "UIInterfaceOrientationPortrait UIInterfaceOrientationLandscapeLeft UIInterfaceOrientationLandscapeRight";
				LD_RUNPATH_SEARCH_PATHS = (
					"$(inherited)",
					"@executable_path/Frameworks",
				);
				MARKETING_VERSION = 1.0;
				PRODUCT_BUNDLE_IDENTIFIER = "co.in.greensyntax.builder-pattern.strategy-pattern";
				PRODUCT_NAME = "$(TARGET_NAME)";
				SWIFT_EMIT_LOC_STRINGS = YES;
				SWIFT_VERSION = 5.0;
				TARGETED_DEVICE_FAMILY = "1,2";
			};
			name = Debug;
		};
		2093001C2B260D1F00EC9A01 /* Release */ = {
			isa = XCBuildConfiguration;
			buildSettings = {
				ASSETCATALOG_COMPILER_APPICON_NAME = AppIcon;
				ASSETCATALOG_COMPILER_GLOBAL_ACCENT_COLOR_NAME = AccentColor;
				CODE_SIGN_STYLE = Automatic;
				CURRENT_PROJECT_VERSION = 1;
				GENERATE_INFOPLIST_FILE = YES;
				INFOPLIST_FILE = "strategy-pattern/Info.plist";
				INFOPLIST_KEY_UIApplicationSupportsIndirectInputEvents = YES;
				INFOPLIST_KEY_UILaunchStoryboardName = LaunchScreen;
				INFOPLIST_KEY_UIMainStoryboardFile = Main;
				INFOPLIST_KEY_UISupportedInterfaceOrientations_iPad = "UIInterfaceOrientationPortrait UIInterfaceOrientationPortraitUpsideDown UIInterfaceOrientationLandscapeLeft UIInterfaceOrientationLandscapeRight";
				INFOPLIST_KEY_UISupportedInterfaceOrientations_iPhone = "UIInterfaceOrientationPortrait UIInterfaceOrientationLandscapeLeft UIInterfaceOrientationLandscapeRight";
				LD_RUNPATH_SEARCH_PATHS = (
					"$(inherited)",
					"@executable_path/Frameworks",
				);
				MARKETING_VERSION = 1.0;
				PRODUCT_BUNDLE_IDENTIFIER = "co.in.greensyntax.builder-pattern.strategy-pattern";
				PRODUCT_NAME = "$(TARGET_NAME)";
				SWIFT_EMIT_LOC_STRINGS = YES;
				SWIFT_VERSION = 5.0;
				TARGETED_DEVICE_FAMILY = "1,2";
			};
			name = Release;
		};
/* End XCBuildConfiguration section */

/* Begin XCConfigurationList section */
		209300012B260D1D00EC9A01 /* Build configuration list for PBXProject "strategy-pattern" */ = {
			isa = XCConfigurationList;
			buildConfigurations = (
				209300182B260D1F00EC9A01 /* Debug */,
				209300192B260D1F00EC9A01 /* Release */,
			);
			defaultConfigurationIsVisible = 0;
			defaultConfigurationName = Release;
		};
		2093001A2B260D1F00EC9A01 /* Build configuration list for PBXNativeTarget "strategy-pattern" */ = {
			isa = XCConfigurationList;
			buildConfigurations = (
				2093001B2B260D1F00EC9A01 /* Debug */,
				2093001C2B260D1F00EC9A01 /* Release */,
			);
			defaultConfigurationIsVisible = 0;
			defaultConfigurationName = Release;
		};
/* End XCConfigurationList section */
	};
	rootObject = 2093FFFE2B260D1D00EC9A01 /* Project object */;
}
